
Microsoft Visual Studio Solution File, Format Version 12.00
# Visual Studio 15
VisualStudioVersion = 15.0.28010.2050
MinimumVisualStudioVersion = 10.0.40219.1
Project("{00D1A9C2-B5F0-4AF3-8072-F6C62B433612}") = "JsonParser", "JsonParser\JsonParser.sqlproj", "{A5A82D62-54A6-4EC9-B91B-40EA3E72E333}"
EndProject
Global
	GlobalSection(SolutionConfigurationPlatforms) = preSolution
		Debug|Any CPU = Debug|Any CPU
		Release|Any CPU = Release|Any CPU
	EndGlobalSection
	GlobalSection(ProjectConfigurationPlatforms) = postSolution
		{A5A82D62-54A6-4EC9-B91B-40EA3E72E333}.Debug|Any CPU.ActiveCfg = Debug|Any CPU
		{A5A82D62-54A6-4EC9-B91B-40EA3E72E333}.Debug|Any CPU.Build.0 = Debug|Any CPU
		{A5A82D62-54A6-4EC9-B91B-40EA3E72E333}.Debug|Any CPU.Deploy.0 = Debug|Any CPU
		{A5A82D62-54A6-4EC9-B91B-40EA3E72E333}.Release|Any CPU.ActiveCfg = Release|Any CPU
		{A5A82D62-54A6-4EC9-B91B-40EA3E72E333}.Release|Any CPU.Build.0 = Release|Any CPU
		{A5A82D62-54A6-4EC9-B91B-40EA3E72E333}.Release|Any CPU.Deploy.0 = Release|Any CPU
	EndGlobalSection
	GlobalSection(SolutionProperties) = preSolution
		HideSolutionNode = FALSE
	EndGlobalSection
	GlobalSection(ExtensibilityGlobals) = postSolution
		SolutionGuid = {46CB62BC-4594-4003-8859-197810C1C82C}
	EndGlobalSection
EndGlobal
